
Microsoft Visual Studio Solution File, Format Version 12.00
# Visual Studio Version 17
VisualStudioVersion = 17.0.32014.148
MinimumVisualStudioVersion = 10.0.40219.1
Project("{9A19103F-16F7-4668-BE54-9A1E7A4F7556}") = "store", "store\store.csproj", "{0B060B39-F1AC-429E-BC7D-EA0580322B99}"
EndProject
Project("{9A19103F-16F7-4668-BE54-9A1E7A4F7556}") = "store.core", "store.core\store.core.csproj", "{6914D764-D508-4270-BC7F-1E65B1B941E0}"
EndProject
Project("{9A19103F-16F7-4668-BE54-9A1E7A4F7556}") = "store.data", "store.data\store.data.csproj", "{2144F772-C7F8-4196-A70B-4F3A9607B69B}"
EndProject
Project("{9A19103F-16F7-4668-BE54-9A1E7A4F7556}") = "Store.UnitTest", "Store.UnitTest\Store.UnitTest.csproj", "{38FE0F6F-87B3-44CE-9D8E-E7DE136813B3}"
EndProject
Global
	GlobalSection(SolutionConfigurationPlatforms) = preSolution
		Debug|Any CPU = Debug|Any CPU
		Release|Any CPU = Release|Any CPU
	EndGlobalSection
	GlobalSection(ProjectConfigurationPlatforms) = postSolution
		{0B060B39-F1AC-429E-BC7D-EA0580322B99}.Debug|Any CPU.ActiveCfg = Debug|Any CPU
		{0B060B39-F1AC-429E-BC7D-EA0580322B99}.Debug|Any CPU.Build.0 = Debug|Any CPU
		{0B060B39-F1AC-429E-BC7D-EA0580322B99}.Release|Any CPU.ActiveCfg = Release|Any CPU
		{0B060B39-F1AC-429E-BC7D-EA0580322B99}.Release|Any CPU.Build.0 = Release|Any CPU
		{6914D764-D508-4270-BC7F-1E65B1B941E0}.Debug|Any CPU.ActiveCfg = Debug|Any CPU
		{6914D764-D508-4270-BC7F-1E65B1B941E0}.Debug|Any CPU.Build.0 = Debug|Any CPU
		{6914D764-D508-4270-BC7F-1E65B1B941E0}.Release|Any CPU.ActiveCfg = Release|Any CPU
		{6914D764-D508-4270-BC7F-1E65B1B941E0}.Release|Any CPU.Build.0 = Release|Any CPU
		{2144F772-C7F8-4196-A70B-4F3A9607B69B}.Debug|Any CPU.ActiveCfg = Debug|Any CPU
		{2144F772-C7F8-4196-A70B-4F3A9607B69B}.Debug|Any CPU.Build.0 = Debug|Any CPU
		{2144F772-C7F8-4196-A70B-4F3A9607B69B}.Release|Any CPU.ActiveCfg = Release|Any CPU
		{2144F772-C7F8-4196-A70B-4F3A9607B69B}.Release|Any CPU.Build.0 = Release|Any CPU
		{38FE0F6F-87B3-44CE-9D8E-E7DE136813B3}.Debug|Any CPU.ActiveCfg = Debug|Any CPU
		{38FE0F6F-87B3-44CE-9D8E-E7DE136813B3}.Debug|Any CPU.Build.0 = Debug|Any CPU
		{38FE0F6F-87B3-44CE-9D8E-E7DE136813B3}.Release|Any CPU.ActiveCfg = Release|Any CPU
		{38FE0F6F-87B3-44CE-9D8E-E7DE136813B3}.Release|Any CPU.Build.0 = Release|Any CPU
	EndGlobalSection
	GlobalSection(SolutionProperties) = preSolution
		HideSolutionNode = FALSE
	EndGlobalSection
	GlobalSection(ExtensibilityGlobals) = postSolution
		SolutionGuid = {5945E76A-80B9-484F-9C58-6134BACA72E7}
	EndGlobalSection
EndGlobal
